{
  "name": "use-node-package",
  "version": "1.0.0",
  "lockfileVersion": 1,
  "requires": true,
  "dependencies": {
    "test-zubair-node-module": {
      "version": "1.0.0",
      "resolved": "https://registry.npmjs.org/test-zubair-node-module/-/test-zubair-node-module-1.0.0.tgz",
      "integrity": "sha512-WEYbLHcqV6Ys/YFyrRyfyGs8Z4SWF4FgXOyuZbSF0zlieddzK5zTGUjAV3BkK/+1Dm8+CNCohknN1mmbc52c+g=="
    }
  }
}
